
Microsoft Visual Studio Solution File, Format Version 12.00
# Visual Studio Version 17
VisualStudioVersion = 17.5.002.0
MinimumVisualStudioVersion = 10.0.40219.1
Project("{9A19103F-16F7-4668-BE54-9A1E7A4F7556}") = "windowsEnvironment", "windowsEnvironment.csproj", "{281473A5-0B80-4D2C-9F45-FF0D1F6E0B56}"
EndProject
Global
	GlobalSection(SolutionConfigurationPlatforms) = preSolution
		Debug|Any CPU = Debug|Any CPU
		Release|Any CPU = Release|Any CPU
	EndGlobalSection
	GlobalSection(ProjectConfigurationPlatforms) = postSolution
		{281473A5-0B80-4D2C-9F45-FF0D1F6E0B56}.Debug|Any CPU.ActiveCfg = Debug|Any CPU
		{281473A5-0B80-4D2C-9F45-FF0D1F6E0B56}.Debug|Any CPU.Build.0 = Debug|Any CPU
		{281473A5-0B80-4D2C-9F45-FF0D1F6E0B56}.Release|Any CPU.ActiveCfg = Release|Any CPU
		{281473A5-0B80-4D2C-9F45-FF0D1F6E0B56}.Release|Any CPU.Build.0 = Release|Any CPU
	EndGlobalSection
	GlobalSection(SolutionProperties) = preSolution
		HideSolutionNode = FALSE
	EndGlobalSection
	GlobalSection(ExtensibilityGlobals) = postSolution
		SolutionGuid = {D94813C4-A860-49E5-87CC-C0D927499B6A}
	EndGlobalSection
EndGlobal
